
Microsoft Visual Studio Solution File, Format Version 12.00
# Visual Studio Version 17
VisualStudioVersion = 17.11.35327.3
MinimumVisualStudioVersion = 10.0.40219.1
Project("{FAE04EC0-301F-11D3-BF4B-00C04F79EFBC}") = "Vistas", "Vistas\Vistas\Vistas.csproj", "{566E6E4D-FFAB-4D04-8A3C-42039D862EC6}"
EndProject
Project("{FAE04EC0-301F-11D3-BF4B-00C04F79EFBC}") = "Modelos", "Modelos\Modelos.csproj", "{93D7ED64-B05E-4986-B733-CFCCCDFAFD01}"
EndProject
Global
	GlobalSection(SolutionConfigurationPlatforms) = preSolution
		Debug|Any CPU = Debug|Any CPU
		Release|Any CPU = Release|Any CPU
	EndGlobalSection
	GlobalSection(ProjectConfigurationPlatforms) = postSolution
		{566E6E4D-FFAB-4D04-8A3C-42039D862EC6}.Debug|Any CPU.ActiveCfg = Debug|Any CPU
		{566E6E4D-FFAB-4D04-8A3C-42039D862EC6}.Debug|Any CPU.Build.0 = Debug|Any CPU
		{566E6E4D-FFAB-4D04-8A3C-42039D862EC6}.Release|Any CPU.ActiveCfg = Release|Any CPU
		{566E6E4D-FFAB-4D04-8A3C-42039D862EC6}.Release|Any CPU.Build.0 = Release|Any CPU
		{93D7ED64-B05E-4986-B733-CFCCCDFAFD01}.Debug|Any CPU.ActiveCfg = Debug|Any CPU
		{93D7ED64-B05E-4986-B733-CFCCCDFAFD01}.Debug|Any CPU.Build.0 = Debug|Any CPU
		{93D7ED64-B05E-4986-B733-CFCCCDFAFD01}.Release|Any CPU.ActiveCfg = Release|Any CPU
		{93D7ED64-B05E-4986-B733-CFCCCDFAFD01}.Release|Any CPU.Build.0 = Release|Any CPU
	EndGlobalSection
	GlobalSection(SolutionProperties) = preSolution
		HideSolutionNode = FALSE
	EndGlobalSection
	GlobalSection(ExtensibilityGlobals) = postSolution
		SolutionGuid = {58B947B1-1939-4933-87AD-AB7BA0481604}
	EndGlobalSection
EndGlobal
